version = 1
revision = 1
requires-python = ">=3.13"

[[package]]
name = "bitarray"
version = "3.9.1"
source = { registry = "https://pypi.org/simple" }
sdist = { url = "https://files.pythonhosted.org/packages/1e/01/59a0fbb89c2204ba07099a6e4b87768d25d6aa689df07547412218e03145/bitarray-3.9.1.tar.gz", hash = "sha256:796f2b4f0e4d84df50bd23ddfacb37d74eec2b2366813cb8f18bdae6b25e3d36", size = 159256 }
wheels = [
    { url = "https://files.pythonhosted.org/packages/4a/2e/069abb71be80f951d966d8299d2a08ceb8b0637f3c364bf9d9441f0bda6a/bitarray-3.9.1-cp313-cp313-macosx_10_13_x86_64.whl", hash = "sha256:fee327c587e9815be868e78c64d38209fb9fa01d261a65bd6d621f933703dfa9", size = 154963 },
    { url = "https://files.pythonhosted.org/packages/3d/ff/9215b47c42cbf9234ccb0ec50cbec6b5ac36960302d65508b6b8c5cbaf77/bitarray-3.9.1-cp313-cp313-macosx_11_0_arm64.whl", hash = "sha256:a29bf8475302eeb8d812f0a15a4f1465162270b432a3a746d4276ca215d411b8", size = 151718 },
    { url = "https://files.pythonhosted.org/packages/4c/a9/93beb27af2f265d982edd6dba2e12a7f50061b6e1ccfb2ef380509e1c9a4/bitarray-3.9.1-cp313-cp313-manylinux2014_aarch64.manylinux_2_17_aarch64.manylinux_2_28_aarch64.whl", hash = "sha256:427ec45108c80d508af9414cbbf4f23a5b78cbd3bb70e8c608e2dc47f2d2f5eb", size = 352716 },
    { url = "https://files.pythonhosted.org/packages/44/38/a8ff096ffd120a07b6fe7caa59930cfcb7adbcbcba96f0c9511f316457bd/bitarray-3.9.1-cp313-cp313-manylinux2014_ppc64le.manylinux_2_17_ppc64le.manylinux_2_28_ppc64le.whl", hash = "sha256:36b36409a33c82e48233a5bc8c911ffa292fe4f79ad6af215e98caa792fd230b", size = 372150 },
    { url = "https://files.pythonhosted.org/packages/1c/40/ebf769e0b06997fa3c4925495c2616b0dc2292483e93e2d0802c3f8d1103/bitarray-3.9.1-cp313-cp313-manylinux2014_s390x.manylinux_2_17_s390x.manylinux_2_28_s390x.whl", hash = "sha256:7aa578c55e221ade1ad295506a2f3f10ad6e6eb3fd990605fb31f57872d59cf7", size = 385609 },
    { url = "https://files.pythonhosted.org/packages/4d/86/a95d1b7daf504a6af321656b2b3cedf602603ae77f0da1df2a253469e95e/bitarray-3.9.1-cp313-cp313-manylinux2014_x86_64.manylinux_2_17_x86_64.manylinux_2_28_x86_64.whl", hash = "sha256:42c6a7881ea7e3be80dc4cc83e0fd6925e8a011749c21ae75894cd1279a55d7a", size = 356301 },
    { url = "https://files.pythonhosted.org/packages/5e/db/875f6119728bf553350a76034e6489fded56ecc8f222572d1888d03f051c/bitarray-3.9.1-cp313-cp313-musllinux_1_2_aarch64.whl", hash = "sha256:e25af1aa4ded42b3f06a663a53040030f0a24432cfe08e731d57d5f44e2ca3a2", size = 350191 },
    { url = "https://files.pythonhosted.org/packages/fe/2e/57b191a3c33056c09c8d1fd6f5751ba7856cf93d621a0ff235d0454f2c4e/bitarray-3.9.1-cp313-cp313-musllinux_1_2_ppc64le.whl", hash = "sha256:15a48736d4bd2a83cf674c32e8a9ad3eef2f521a43fa6b32548f334f59680802", size = 369232 },
    { url = "https://files.pythonhosted.org/packages/80/75/a37fc8bea1779285962ad96231e555a0444ea71a2060be82abce458b81f7/bitarray-3.9.1-cp313-cp313-musllinux_1_2_s390x.whl", hash = "sha256:e51d7460098537cbe3ffa6e4761b748871f29a3872dc335358dbeccdf193b71c", size = 367099 },
    { url = "https://files.pythonhosted.org/packages/b6/ba/ecdb0b0f9d688c5512fd1e4e630550b5f6746fc890e1eacd06a5b6552a34/bitarray-3.9.1-cp313-cp313-musllinux_1_2_x86_64.whl", hash = "sha256:b9083051539ea9effcd5a339bdfa07adeec73e8749046ffe3193ccdf47222ff1", size = 352001 },
    { url = "https://files.pythonhosted.org/packages/6b/9b/a9b6596d1dc62954f2a200b4a07aff48d478e290934dbc7ca5daead104b9/bitarray-3.9.1-cp313-cp313-win32.whl", hash = "sha256:74d65ed78f5860aa4efcb6c6e8c33637e6b1d8cbef095758554026f80c72295f", size = 147519 },
    { url = "https://files.pythonhosted.org/packages/d7/68/590ae7a95d8c7720c695bdebb6402977709f9845e8220a0e5e2f24645a4d/bitarray-3.9.1-cp313-cp313-win_amd64.whl", hash = "sha256:83df6ddf60f19c64f3f43c394a48a3ff3ac3f4e571d34ebbf445ea44e72c3ce2", size = 155028 },
    { url = "https://files.pythonhosted.org/packages/3c/b7/eca262a563d3b6c02ae89fa14bdb7dfd81c6034becaae9996398f948b6b7/bitarray-3.9.1-cp313-cp313-win_arm64.whl", hash = "sha256:516bd099adcfecc8b006122adb47703200dc57102e612c4d7da4a33c179e5390", size = 152025 },
    { url = "https://files.pythonhosted.org/packages/d0/b4/2e73911b3967c06808c65b3a9f348a64b750e5ed6ed99249fa7d2f89200f/bitarray-3.9.1-cp314-cp314-macosx_10_13_x86_64.whl", hash = "sha256:03446f91584ee7d1456970d7c9a4afb0dcc128fe90ca982d068b2c59f75ceb9a", size = 155012 },
    { url = "https://files.pythonhosted.org/packages/b4/a3/19d783951416c8dd08f833b5b625c586a56cb3e87bfeabca474763234ff2/bitarray-3.9.1-cp314-cp314-macosx_11_0_arm64.whl", hash = "sha256:fa471e730991c34ea0bbf183ea9b3232bf9bc86c84c30f7872a0dd366ea23972", size = 151826 },
    { url = "https://files.pythonhosted.org/packages/cf/e3/5fbe8ea99102397a93ba39d6c90896edfda1c628ccc244e96ce4627dffb4/bitarray-3.9.1-cp314-cp314-manylinux2014_aarch64.manylinux_2_17_aarch64.manylinux_2_28_aarch64.whl", hash = "sha256:4ea4c8a3fd493f0bcd638037908aa321167290776fa4d324cdb0fe60ccc10577", size = 352666 },
    { url = "https://files.pythonhosted.org/packages/3a/86/105cfa1e6accb69560449a2644e0ca05dce0e95a720d69d26eb8372a67dd/bitarray-3.9.1-cp314-cp314-manylinux2014_ppc64le.manylinux_2_17_ppc64le.manylinux_2_28_ppc64le.whl", hash = "sha256:76cf06c9d131a460a09168d42b2d41e0c915cebda2dbd386d69fb8d89c126948", size = 372439 },
    { url = "https://files.pythonhosted.org/packages/2d/2a/17f4285423da2a7724c45f6b1367b42cb2fcb403f27f9b59b515ac2b0c95/bitarray-3.9.1-cp314-cp314-manylinux2014_s390x.manylinux_2_17_s390x.manylinux_2_28_s390x.whl", hash = "sha256:e8d98d0f39d5e23a960f5cd6fad5e53a18119af559927644f288d1e3e6da9bd8", size = 384953 },
    { url = "https://files.pythonhosted.org/packages/2c/61/92bea605a2d38a8674cd6d1a7ab4bce7867da68df972fad490488993f514/bitarray-3.9.1-cp314-cp314-manylinux2014_x86_64.manylinux_2_17_x86_64.manylinux_2_28_x86_64.whl", hash = "sha256:068eb24bb3a11502837797d89e63a339199ce6e3e65ffe4c2d5854b3b2959084", size = 355778 },
    { url = "https://files.pythonhosted.org/packages/6b/be/587678b392d3f82691849e0603de732cb0730fdb2609172176c77c9ab350/bitarray-3.9.1-cp314-cp314-musllinux_1_2_aarch64.whl", hash = "sha256:a0a32ff658f10bb9cda554346e429aa05eca9a22346abda100bb5b872d3806a1", size = 350318 },
    { url = "https://files.pythonhosted.org/packages/57/14/6a032875b80626e7669fad8859530c940b306f0567af432098b4c8b05b61/bitarray-3.9.1-cp314-cp314-musllinux_1_2_ppc64le.whl", hash = "sha256:3a3c3fc85bd6af6bef7f85fe14b5dc2bfbdebd24b80cff297d79d222daaffc6d", size = 369365 },
    { url = "https://files.pythonhosted.org/packages/cd/d4/b586892f0d861e01dc2d05a26be3c9f257bcc05325d16a89d5d73619d5f8/bitarray-3.9.1-cp314-cp314-musllinux_1_2_s390x.whl", hash = "sha256:a34246b68ebcf72b5f81c0a376f47aa558fa902025fcbff1970ca412735e735b", size = 366666 },
    { url = "https://files.pythonhosted.org/packages/b2/5c/c456adf9271961094b7242b1e5fb0ef59b83b424f8f927306daa06c2ccb8/bitarray-3.9.1-cp314-cp314-musllinux_1_2_x86_64.whl", hash = "sha256:bd399698d0eac7e63c4c3824694a6a9f7f06caef09deaed2da209aed0c6cd2b0", size = 351675 },
    { url = "https://files.pythonhosted.org/packages/a8/ec/95289427b193cad46d6bda42471c30b10ea2c378f452281d89d0c35c737f/bitarray-3.9.1-cp314-cp314-win32.whl", hash = "sha256:a89aeb07984953b022a935f971bb37a237bef89359934883a7b3c4aaa73bc70a", size = 146572 },
    { url = "https://files.pythonhosted.org/packages/c3/4e/d6015295aa58455adcd549d0da4d1497f8525d452641eae39d2d37078dce/bitarray-3.9.1-cp314-cp314-win_amd64.whl", hash = "sha256:76fb57cb76529f6327edc9c31ec63f16e8569c791f96ec23c095debee1597659", size = 154037 },
    { url = "https://files.pythonhosted.org/packages/9b/a7/ee5115e37b2a996901c192df7c8c7eb0d4fd09d42cd42cddae88b8da1029/bitarray-3.9.1-cp314-cp314-win_arm64.whl", hash = "sha256:86c50aad15a48e3b648cb2469ec7c6712a470ab8a24c72e4d4b1c92c50ee17b0", size = 151291 },
    { url = "https://files.pythonhosted.org/packages/70/4a/c2cb4baabe47712611d680302c53e5f48caf32ff95b2217152cdabd4d355/bitarray-3.9.1-cp314-cp314t-macosx_10_13_x86_64.whl", hash = "sha256:25c05a3a86eeaf630f48e48121a35afeb782441f5c6813592778ac57fcef70a3", size = 158254 },
    { url = "https://files.pythonhosted.org/packages/a6/a3/411f8d2c8af6f17d30bd5fa8315d03496d4faac153bbe0d93cbf33406ab6/bitarray-3.9.1-cp314-cp314t-macosx_11_0_arm64.whl", hash = "sha256:4e8d930f963e2206af8fc892c39b468485b332cad6e8b19736c8e2ad037a22a0", size = 154878 },
    { url = "https://files.pythonhosted.org/packages/c1/cc/fd8008cf77f07630a2a6d88d9708e7f4b5aafb137fea2280804ac57eb3ad/bitarray-3.9.1-cp314-cp314t-manylinux2014_aarch64.manylinux_2_17_aarch64.manylinux_2_28_aarch64.whl", hash = "sha256:c3980a6f8e63a3c8d3c7696d04a9456915dbee738b4bd308cf00cfbb2c8a5fa6", size = 370542 },
    { url = "https://files.pythonhosted.org/packages/24/8b/abda31324d9caac6ec9e37a0866ee96fdad075611b7a3bfd6541657a510e/bitarray-3.9.1-cp314-cp314t-manylinux2014_ppc64le.manylinux_2_17_ppc64le.manylinux_2_28_ppc64le.whl", hash = "sha256:84424b867d8661f1df6fecd60f0de7a6b9a753b0f39d1382e922554cc0707984", size = 390878 },
    { url = "https://files.pythonhosted.org/packages/52/a9/3f90af789b7b13cfa0517387cf60b50286c699fe37dfc1141bd4f2cba60d/bitarray-3.9.1-cp314-cp314t-manylinux2014_s390x.manylinux_2_17_s390x.manylinux_2_28_s390x.whl", hash = "sha256:7c4a02d031d054e9306fff4fc34c1872dbfaf798b8a7be05dd88aa8dfaab5a8b", size = 402064 },
    { url = "https://files.pythonhosted.org/packages/c9/90/c9f94a92916fa6af76f34dd4b9620c7578bdecbcf0212752a383639114db/bitarray-3.9.1-cp314-cp314t-manylinux2014_x86_64.manylinux_2_17_x86_64.manylinux_2_28_x86_64.whl", hash = "sha256:11702332975576f036f516931ef17f9638366a017006c561e3818146a62670f3", size = 371862 },
    { url = "https://files.pythonhosted.org/packages/22/1e/33dd1db64b393f9472077f3aa1c36075273f645d0d1e8a4c1cbeaeecbad6/bitarray-3.9.1-cp314-cp314t-musllinux_1_2_aarch64.whl", hash = "sha256:4c13a94bcffa317aacfbc4f5d380868b229070ab27b5af7a2f8dfaa0a2ce81b5", size = 367913 },
    { url = "https://files.pythonhosted.org/packages/da/47/f443f480880adb8d7a730958840f3e0da6548763f770fad4a6aab289e8a2/bitarray-3.9.1-cp314-cp314t-musllinux_1_2_ppc64le.whl", hash = "sha256:fac915bf0b356cbfac28788cb2d09b6f7d03f2a189fad3c5b1b9ec6b9f2c83c1", size = 387003 },
    { url = "https://files.pythonhosted.org/packages/dd/cc/03798094542b054224d7d9f3e4bf3fdb3f86c1f994b445052b7f29507e22/bitarray-3.9.1-cp314-cp314t-musllinux_1_2_s390x.whl", hash = "sha256:38db03a28fa1f59131bc38e49523cc2cb4b01f2b567c5179f4ae9338eb9780de", size = 383945 },
    { url = "https://files.pythonhosted.org/packages/fa/9a/3ccb88303dd4f427d18667b81ac7def46169db1d608adb2f94655cf4495c/bitarray-3.9.1-cp314-cp314t-musllinux_1_2_x86_64.whl", hash = "sha256:b6a642bca321f033d97a6bf55fe00a2b7c689dadff3ecbca761eaa601955eca1", size = 367502 },
    { url = "https://files.pythonhosted.org/packages/f4/37/48315facb32194d34498cd940ffc12f797cb67a152bf478b3a5479b4ac93/bitarray-3.9.1-cp314-cp314t-win32.whl", hash = "sha256:2ad727d30a44ec0618ad7a17257d5de610230ed07e130ca1fb37d68080b3f5e4", size = 149270 },
    { url = "https://files.pythonhosted.org/packages/54/49/635403b83b5e1c7f3d34dd7d93c99c874f1856494280e7ec4deccf262a21/bitarray-3.9.1-cp314-cp314t-win_amd64.whl", hash = "sha256:34df6adb30bd8d877ca46479f35bb01ac4c073813d4e258b5fc7f7dadebe1fd2", size = 157793 },
    { url = "https://files.pythonhosted.org/packages/aa/35/a643004308bd7bfbf3916634f78b9624282eadbaba80c8ba240e2f800d5f/bitarray-3.9.1-cp314-cp314t-win_arm64.whl", hash = "sha256:7237617573f967624e6f1db688c7c391de982253291f6deeac9038e70cea2d63", size = 154078 },
]

[[package]]
name = "bitstring"
version = "4.4.0"
source = { registry = "https://pypi.org/simple" }
dependencies = [
    { name = "bitarray" },
    { name = "tibs" },
]
sdist = { url = "https://files.pythonhosted.org/packages/36/d3/de6fe4e7065df8c2f1ac1766f5fdccbe75bc18af2cf2dbeecd34d68e1518/bitstring-4.4.0.tar.gz", hash = "sha256:e682ac522bb63e041d16cbc9d0ca86a4f00194db16d0847c7efe066f836b2e37", size = 255209 }
wheels = [
    { url = "https://files.pythonhosted.org/packages/bf/02/1a870bab76f2896d827aa4963be95e56675ffa1453e53525d13c43036edf/bitstring-4.4.0-py3-none-any.whl", hash = "sha256:feac49524fcf3ef27e6081e86f02b10d2adf6c3773bf22fbe0e7eea9534bc737", size = 76846 },
]

[[package]]
name = "rgscore"
version = "0.1.0"
source = { editable = "." }
dependencies = [
    { name = "bitstring" },
]

[package.metadata]
requires-dist = [{ name = "bitstring", specifier = ">=4.4.0" }]

[[package]]
name = "tibs"
version = "0.5.7"
source = { registry = "https://pypi.org/simple" }
sdist = { url = "https://files.pythonhosted.org/packages/57/cd/6cf028decf1c2df4d26077dd5d0532587d93d4917233d5e004133166a940/tibs-0.5.7.tar.gz", hash = "sha256:173dfbecb2309edd9771f453580c88cf251e775613461566b23dbd756b3d54cb", size = 78255 }
wheels = [
    { url = "https://files.pythonhosted.org/packages/a5/4f/1149a5cf2c1be6862e1dcba0c22134c43c44f05ddeef4697ecf20067e508/tibs-0.5.7-cp314-cp314t-macosx_10_12_x86_64.whl", hash = "sha256:01ea5258bdf942d21560dc07d532082cd04f07cfef65fedd58ae84f7d0d2562a", size = 401281 },
    { url = "https://files.pythonhosted.org/packages/eb/af/59041580d51eb06077029cc64f0b2f9165b1c87075b7fe85f400e01ec6f9/tibs-0.5.7-cp314-cp314t-macosx_11_0_arm64.whl", hash = "sha256:f5eea45851c960628a2bd29847765d55e19a687c5374456ad2c8cf6410eb1efa", size = 377945 },
    { url = "https://files.pythonhosted.org/packages/ee/73/3b614d39221f02fca2f37dcdc1c65e25c963bf1da4b90ad9db393f9c130d/tibs-0.5.7-cp314-cp314t-manylinux_2_17_aarch64.manylinux2014_aarch64.whl", hash = "sha256:6a9feed5931b881809a950eca0e01e757113e2383a2af06a3e6982f110c869e2", size = 409620 },
    { url = "https://files.pythonhosted.org/packages/16/a6/917ca6ca266135f0f52041700c4eb766097258dd987b81a630c061969db5/tibs-0.5.7-cp314-cp314t-manylinux_2_17_armv7l.manylinux2014_armv7l.whl", hash = "sha256:501728d096e10d9a165aa526743d47418a6bbfd7b084fa47ecb22be7641d3edb", size = 426017 },
    { url = "https://files.pythonhosted.org/packages/ce/f6/3c795420f81bac44390d897712aebe186186d88ea5653e20f4ac5097b0b1/tibs-0.5.7-cp314-cp314t-manylinux_2_17_ppc64le.manylinux2014_ppc64le.whl", hash = "sha256:77103a9f1af72ac4cf5006828d0fb21578d19ce55fd990e9a1c8e46fd549561f", size = 449717 },
    { url = "https://files.pythonhosted.org/packages/98/00/700b97377b55973ac233a280d6ff81c0187710c73a5ac3356ef79bf15eb2/tibs-0.5.7-cp314-cp314t-manylinux_2_17_s390x.manylinux2014_s390x.whl", hash = "sha256:1f95d5db62960205a1e9eba73ce67dc14e7366ae080cd4e5b6f005ebd90faf02", size = 453131 },
    { url = "https://files.pythonhosted.org/packages/6d/41/38ccfe6fe48432ea20f6e6a49a42aeb9662042e5f4e8f9a4029047a6c44a/tibs-0.5.7-cp314-cp314t-manylinux_2_17_x86_64.manylinux2014_x86_64.whl", hash = "sha256:ace018a057459e3dccd06a4aae1c5c8cd57e352b263dcef534ae39bf3e03b5cf", size = 419054 },
    { url = "https://files.pythonhosted.org/packages/73/08/d9a66639564b92d5be07eb30bbd7a5b9052f338da09fd4ec3732346ff129/tibs-0.5.7-cp314-cp314t-manylinux_2_5_i686.manylinux1_i686.whl", hash = "sha256:2a618de62004d9217d2d2ab0f7f9bbdd098c12642dc01f07b3fb00f0b5f3131a", size = 448585 },
    { url = "https://files.pythonhosted.org/packages/70/c1/24131985486d5bf878468226d9d0bdff5a0b04838b773a7339d22965f74e/tibs-0.5.7-cp314-cp314t-musllinux_1_2_aarch64.whl", hash = "sha256:42725200f1b02687ed6e6a1c01e0ec150dc829d21d901ffc74cc0ac4d821f57f", size = 586259 },
    { url = "https://files.pythonhosted.org/packages/02/0c/f74c6672d28054c55b6c593588792858be420dbf4b56d0adbf79fc1b7f8f/tibs-0.5.7-cp314-cp314t-musllinux_1_2_armv7l.whl", hash = "sha256:63255749f937c5e6fedcc7d54e7bd359aef711017e6855f373b0510a14ee2215", size = 701427 },
    { url = "https://files.pythonhosted.org/packages/f4/bf/2c39836a5a1664cda596ba069d065322976245a5f86dab9f2b9a3eaff024/tibs-0.5.7-cp314-cp314t-musllinux_1_2_i686.whl", hash = "sha256:4b7510235379368b7523f624d46e0680f3706e3a3965877a6583cdcb598b8bac", size = 660754 },
    { url = "https://files.pythonhosted.org/packages/1d/77/5a7a10001c38f4d1266d4f7a84fae27357c88834a0266bc401e37e1a7884/tibs-0.5.7-cp314-cp314t-musllinux_1_2_x86_64.whl", hash = "sha256:29480bf03e3372a5f9cc59ea0541f76f8efd696d4f0d214715e94247c342a037", size = 631034 },
    { url = "https://files.pythonhosted.org/packages/0d/be/bb20938ab5d1e63ee4c5cf78be815ab2a8674e7aa0b2500db210f7db3e6d/tibs-0.5.7-cp314-cp314t-win32.whl", hash = "sha256:b9535dc7b7484904a58b51bd8e64da7efbf1d8466ff7e84ed1d78f4ddc561c99", size = 278952 },
    { url = "https://files.pythonhosted.org/packages/d5/9a/e76888e8567dbe02a67a27d46e5acf06e3504df1268ebc6d8313942ec560/tibs-0.5.7-cp314-cp314t-win_amd64.whl", hash = "sha256:1906729038b85c3b4c040aa28a456d85bc976d0c5007177350eb73374ffa0fd0", size = 294069 },
    { url = "https://files.pythonhosted.org/packages/10/37/f74a5f4288984cb909dbccd4cc254154f3ed97b16db1913406f1bd2914c9/tibs-0.5.7-cp314-cp314t-win_arm64.whl", hash = "sha256:7d6592ed93c6748acd39df484c1ee24d40ee247c2a20ca38ba03363506fd24f3", size = 278929 },
    { url = "https://files.pythonhosted.org/packages/12/2d/de2c579d3eea0f18212b5b16decb04568b7a0ef912d00581a77492609d4e/tibs-0.5.7-cp38-abi3-macosx_10_12_x86_64.whl", hash = "sha256:859f05315ffb307d3474c505d694f3a547f00730a024c982f5f60316a5505b3c", size = 411352 },
    { url = "https://files.pythonhosted.org/packages/74/71/4c21ccc5c2e1672f9cd91ed2c46604c250cffd9d386113772dded128b5cf/tibs-0.5.7-cp38-abi3-macosx_11_0_arm64.whl", hash = "sha256:a883ca13a922a66b2c1326a9c188123a574741a72510a4bf52fd6f97db191e44", size = 383971 },
    { url = "https://files.pythonhosted.org/packages/38/85/399940ac5393772792a209911a5efa42cf55cf621771e48b863211ac5a2a/tibs-0.5.7-cp38-abi3-manylinux_2_17_aarch64.manylinux2014_aarch64.whl", hash = "sha256:f70bd250769381c73110d6f24feaf8b6fcd44f680b3cb28a20ea06db3d04fb6f", size = 416256 },
    { url = "https://files.pythonhosted.org/packages/02/94/481a73e74d398949f57d297b1809a10a951d252e7ec94b6715ed952ce500/tibs-0.5.7-cp38-abi3-manylinux_2_17_armv7l.manylinux2014_armv7l.whl", hash = "sha256:76746f01b3db9dbd802f5e615f11f68df7a29ecef521b082dca53f3fa7d0084f", size = 428003 },
    { url = "https://files.pythonhosted.org/packages/9b/e0/72db1760a7f7fec1d5f3690e0855fbbccbcf0a4a2fd318c9d71f3b33f3a7/tibs-0.5.7-cp38-abi3-manylinux_2_17_ppc64le.manylinux2014_ppc64le.whl", hash = "sha256:847709c108800ad6a45efaf9a040628278956938a4897f7427a2587013dc3b98", size = 455589 },
    { url = "https://files.pythonhosted.org/packages/3e/26/9cd3395914bf705d6ae1e9a6c323f727e9dc88fef716327ce7f486e0b55a/tibs-0.5.7-cp38-abi3-manylinux_2_17_s390x.manylinux2014_s390x.whl", hash = "sha256:ad61df93b50f875b277ab736c5d37b6bce56f9abce489a22f4e02d9daa2966e3", size = 459266 },
    { url = "https://files.pythonhosted.org/packages/e9/3b/267f19a008d13c704dc0b044138a56239272a43531ccb05464129d0fbd01/tibs-0.5.7-cp38-abi3-manylinux_2_17_x86_64.manylinux2014_x86_64.whl", hash = "sha256:e13b9c7ff2604b0146772025e1ac6f85c8c625bf6ac73736ff671eaf357dda41", size = 423466 },
    { url = "https://files.pythonhosted.org/packages/e5/d4/424ae3515e0e013ad83186074bf3beb53399b9052c00da703415ccc316ca/tibs-0.5.7-cp38-abi3-manylinux_2_5_i686.manylinux1_i686.whl", hash = "sha256:0a7ce857ef05c59dc61abadc31c4b9b1e3c62f9e5fb29217988c308936aea71e", size = 452080 },
    { url = "https://files.pythonhosted.org/packages/b0/15/ab80beba83a134745439d33763e1d3b017f994abeb9c309a3ac9fd94e90e/tibs-0.5.7-cp38-abi3-musllinux_1_2_aarch64.whl", hash = "sha256:1d5521cc6768bfa6282a0c591ba06b079ab91b5c7d5696925ad2abac59779a54", size = 592311 },
    { url = "https://files.pythonhosted.org/packages/4c/21/f5cf41c15431e63aeaefb494e714d48d9e9061b4e01fcc01d1987e2e5faa/tibs-0.5.7-cp38-abi3-musllinux_1_2_armv7l.whl", hash = "sha256:477608f9b87e24a22ab6d50b81da04a5cb59bfa49598ff7ec5165035a18fb392", size = 703400 },
    { url = "https://files.pythonhosted.org/packages/4e/ec/b3bdb7dcc3de8513c5678a685f4e25bb85ef48526d7d535ddc592f9e8602/tibs-0.5.7-cp38-abi3-musllinux_1_2_i686.whl", hash = "sha256:ac0aa2aae38f7325c91c261ce1d18f769c4c7033c98d6ea3ea5534585cf16452", size = 664623 },
    { url = "https://files.pythonhosted.org/packages/a4/71/7b85af3ad1b2cd9871c8f50ba0eb17e54e12481b467678535e58aced0d98/tibs-0.5.7-cp38-abi3-musllinux_1_2_x86_64.whl", hash = "sha256:1b56583db148e5094d781c3d746815dbcbb6378c6f813c8ce291efd4ab21da8b", size = 635199 },
    { url = "https://files.pythonhosted.org/packages/b9/63/60220fb502beb857306afd4a5bac4a8617ae496f3b1f4968d127380fdefe/tibs-0.5.7-cp38-abi3-win32.whl", hash = "sha256:d4f3ff613d486650816bc5516760c0382a2cc0ca8aeddd8914d011bc3b81d9a2", size = 288454 },
    { url = "https://files.pythonhosted.org/packages/46/ab/aab78827ba7e0d65fe346b86d1d61e0792c38d5f9b7547e0f71b7027c835/tibs-0.5.7-cp38-abi3-win_amd64.whl", hash = "sha256:a61d36155f8ab8642e1b6744e13822f72050fc7ec4f86ec6965295afa04949e2", size = 304135 },
    { url = "https://files.pythonhosted.org/packages/48/59/e9e6a610928a4bcbf04f0ac1436ee320aa8cbe95181f1aa32687c50e858b/tibs-0.5.7-cp38-abi3-win_arm64.whl", hash = "sha256:130bc68ff500fc8185677df7a97350b5d5339e6ba7e325bc3031337f6424ede7", size = 289272 },
]
